
Microsoft Visual Studio Solution File, Format Version 12.00
# Visual Studio Version 17
VisualStudioVersion = 17.6.33723.286
MinimumVisualStudioVersion = 10.0.40219.1
Project("{FAE04EC0-301F-11D3-BF4B-00C04F79EFBC}") = "200B-Drinks", "200B-Drinks.csproj", "{10E3D848-CFCA-4993-B394-A7CB8610A9D8}"
EndProject
Global
	GlobalSection(SolutionConfigurationPlatforms) = preSolution
		Debug|Any CPU = Debug|Any CPU
		Release|Any CPU = Release|Any CPU
	EndGlobalSection
	GlobalSection(ProjectConfigurationPlatforms) = postSolution
		{10E3D848-CFCA-4993-B394-A7CB8610A9D8}.Debug|Any CPU.ActiveCfg = Debug|Any CPU
		{10E3D848-CFCA-4993-B394-A7CB8610A9D8}.Debug|Any CPU.Build.0 = Debug|Any CPU
		{10E3D848-CFCA-4993-B394-A7CB8610A9D8}.Release|Any CPU.ActiveCfg = Release|Any CPU
		{10E3D848-CFCA-4993-B394-A7CB8610A9D8}.Release|Any CPU.Build.0 = Release|Any CPU
	EndGlobalSection
	GlobalSection(SolutionProperties) = preSolution
		HideSolutionNode = FALSE
	EndGlobalSection
	GlobalSection(ExtensibilityGlobals) = postSolution
		SolutionGuid = {52CC8232-0549-42E5-B69E-9498A10D213E}
	EndGlobalSection
EndGlobal
